
Microsoft Visual Studio Solution File, Format Version 12.00
# Visual Studio Version 17
VisualStudioVersion = 17.4.33110.190
MinimumVisualStudioVersion = 10.0.40219.1
Project("{9A19103F-16F7-4668-BE54-9A1E7A4F7556}") = "BlazorApp1", "BlazorApp1\BlazorApp1.csproj", "{1DCED177-A00F-4681-8F8B-D1A3F25A5E10}"
EndProject
Project("{9A19103F-16F7-4668-BE54-9A1E7A4F7556}") = "RazorClassLibrary1", "RazorClassLibrary1\RazorClassLibrary1.csproj", "{4545A14A-9B02-4DF5-841B-9CC2573DC963}"
EndProject
Global
	GlobalSection(SolutionConfigurationPlatforms) = preSolution
		Debug|Any CPU = Debug|Any CPU
		Release|Any CPU = Release|Any CPU
	EndGlobalSection
	GlobalSection(ProjectConfigurationPlatforms) = postSolution
		{1DCED177-A00F-4681-8F8B-D1A3F25A5E10}.Debug|Any CPU.ActiveCfg = Debug|Any CPU
		{1DCED177-A00F-4681-8F8B-D1A3F25A5E10}.Debug|Any CPU.Build.0 = Debug|Any CPU
		{1DCED177-A00F-4681-8F8B-D1A3F25A5E10}.Release|Any CPU.ActiveCfg = Release|Any CPU
		{1DCED177-A00F-4681-8F8B-D1A3F25A5E10}.Release|Any CPU.Build.0 = Release|Any CPU
		{4545A14A-9B02-4DF5-841B-9CC2573DC963}.Debug|Any CPU.ActiveCfg = Debug|Any CPU
		{4545A14A-9B02-4DF5-841B-9CC2573DC963}.Debug|Any CPU.Build.0 = Debug|Any CPU
		{4545A14A-9B02-4DF5-841B-9CC2573DC963}.Release|Any CPU.ActiveCfg = Release|Any CPU
		{4545A14A-9B02-4DF5-841B-9CC2573DC963}.Release|Any CPU.Build.0 = Release|Any CPU
	EndGlobalSection
	GlobalSection(SolutionProperties) = preSolution
		HideSolutionNode = FALSE
	EndGlobalSection
	GlobalSection(ExtensibilityGlobals) = postSolution
		SolutionGuid = {A4248191-D9E1-48C6-B1E8-847ABA3269D8}
	EndGlobalSection
EndGlobal
